lockfileVersion: 5.4

specifiers:
    prettier: ^2.8.2

devDependencies:
    prettier: 2.8.2

packages:
    /prettier/2.8.2:
        resolution:
            {
                integrity: sha512-BtRV9BcncDyI2tsuS19zzhzoxD8Dh8LiCx7j7tHzrkz8GFXAexeWFdi22mjE1d16dftH2qNaytVxqiRTGlMfpw==,
            }
        engines: { node: '>=10.13.0' }
        hasBin: true
        dev: true
